<?xml version="1.0" encoding="utf-8"?>
<Project ToolsVersion="4.0" xmlns="http://schemas.microsoft.com/developer/msbuild/2003">
  <ItemGroup>
    <ClCompile Include="..\..\sources\EC\component.cpp" />
    <ClCompile Include="..\..\sources\EC\entity.cpp" />
    <ClCompile Include="..\..\sources\EC\entity_manager.cpp" />
    <ClCompile Include="..\..\sources\EC\player_controller.cpp" />
    <ClCompile Include="..\..\sources\EC\progress_bar.cpp" />
    <ClCompile Include="..\..\sources\EC\scene.cpp" />
    <ClCompile Include="..\..\sources\EC\scene_manager.cpp" />
    <ClCompile Include="..\..\sources\EC\size_temp.cpp" />
    <ClCompile Include="..\..\sources\EC\timer.cpp" />
    <ClCompile Include="..\..\sources\EC\transform.cpp" />
    <ClCompile Include="..\..\sources\EC\vector3D.cpp" />
    <ClCompile Include="..\..\sources\EC\quaternion.cpp" />
    <ClCompile Include="..\..\sources\EC\factory.cpp" />
    <ClCompile Include="..\..\sources\EC\factory_manager.cpp" />
    <ClCompile Include="..\..\sources\EC\init_factories.cpp" />
  </ItemGroup>
  <ItemGroup>
    <ClInclude Include="..\..\sources\EC\component.h" />
    <ClInclude Include="..\..\sources\EC\ec.h" />
    <ClInclude Include="..\..\sources\EC\ec_defs.h" />
    <ClInclude Include="..\..\sources\EC\entity.h" />
    <ClInclude Include="..\..\sources\EC\entity_manager.h" />
    <ClInclude Include="..\..\sources\EC\fps_counter.h" />
    <ClInclude Include="..\..\sources\EC\messages.h" />
    <ClInclude Include="..\..\sources\EC\messages_defs.h" />
    <ClInclude Include="..\..\sources\EC\mpl.h" />
    <ClInclude Include="..\..\sources\EC\player_controller.h" />
    <ClInclude Include="..\..\sources\EC\progress_bar.h" />
    <ClInclude Include="..\..\sources\EC\scene.h" />
    <ClInclude Include="..\..\sources\EC\scene_manager.h" />
    <ClInclude Include="..\..\sources\EC\size_temp.h" />
    <ClInclude Include="..\..\sources\EC\timer.h" />
    <ClInclude Include="..\..\sources\EC\transform.h" />
    <ClInclude Include="..\..\sources\EC\vector3D.h" />
    <ClInclude Include="..\..\sources\EC\quaternion.h" />
    <ClInclude Include="..\..\sources\EC\factory.h" />
    <ClInclude Include="..\..\sources\EC\factory_manager.h" />
    <ClInclude Include="..\..\sources\EC\init_factories.h" />
  </ItemGroup>
</Project>